lockfileVersion: '9.0'

settings:
  autoInstallPeers: true
  excludeLinksFromLockfile: false

importers:

  .:
    dependencies:
      '@tanstack/react-query':
        specifier: ^5.0.0
        version: 5.96.1(react@19.2.4)
      react:
        specifier: '>=18'
        version: 19.2.4

packages:

  '@tanstack/query-core@5.96.1':
    resolution: {integrity: sha512-u1yBgtavSy+N8wgtW3PiER6UpxcplMje65yXnnVgiHTqiMwLlxiw4WvQDrXyn+UD6lnn8kHaxmerJUzQcV/MMg==}

  '@tanstack/react-query@5.96.1':
    resolution: {integrity: sha512-2X7KYK5KKWUKGeWCVcqxXAkYefJtrKB7tSKWgeG++b0H6BRHxQaLSSi8AxcgjmUnnosHuh9WsFZqvE16P1WCzA==}
    peerDependencies:
      react: ^18 || ^19

  react@19.2.4:
    resolution: {integrity: sha512-9nfp2hYpCwOjAN+8TZFGhtWEwgvWHXqESH8qT89AT/lWklpLON22Lc8pEtnpsZz7VmawabSU0gCjnj8aC0euHQ==}
    engines: {node: '>=0.10.0'}

snapshots:

  '@tanstack/query-core@5.96.1': {}

  '@tanstack/react-query@5.96.1(react@19.2.4)':
    dependencies:
      '@tanstack/query-core': 5.96.1
      react: 19.2.4

  react@19.2.4: {}
